
Microsoft Visual Studio Solution File, Format Version 12.00
# Visual Studio Version 17
VisualStudioVersion = 17.14.36203.30 d17.14
MinimumVisualStudioVersion = 10.0.40219.1
Project("{FAE04EC0-301F-11D3-BF4B-00C04F79EFBC}") = "Skeleton_code", "Skeleton_code\Skeleton_code.csproj", "{0C735DF3-BC17-444A-85B9-6C8158B707F1}"
EndProject
Global
	GlobalSection(SolutionConfigurationPlatforms) = preSolution
		Debug|Any CPU = Debug|Any CPU
		Release|Any CPU = Release|Any CPU
	EndGlobalSection
	GlobalSection(ProjectConfigurationPlatforms) = postSolution
		{0C735DF3-BC17-444A-85B9-6C8158B707F1}.Debug|Any CPU.ActiveCfg = Debug|Any CPU
		{0C735DF3-BC17-444A-85B9-6C8158B707F1}.Debug|Any CPU.Build.0 = Debug|Any CPU
		{0C735DF3-BC17-444A-85B9-6C8158B707F1}.Release|Any CPU.ActiveCfg = Release|Any CPU
		{0C735DF3-BC17-444A-85B9-6C8158B707F1}.Release|Any CPU.Build.0 = Release|Any CPU
	EndGlobalSection
	GlobalSection(SolutionProperties) = preSolution
		HideSolutionNode = FALSE
	EndGlobalSection
	GlobalSection(ExtensibilityGlobals) = postSolution
		SolutionGuid = {3251AA08-0E72-4968-B90A-0193F3B143DC}
	EndGlobalSection
EndGlobal
